// !$*UTF8*$!
{
	archiveVersion = 1;
	classes = {
	};
	objectVersion = 50;
	objects = {

/* Begin PBXBuildFile section */
		6AC2403E22F93D4600C9561D /* AppDelegate.swift in Sources */ = {isa = PBXBuildFile; fileRef = 6AC2403D22F93D4600C9561D /* AppDelegate.swift */; };
		6AC2404022F93D4600C9561D /* ViewController.swift in Sources */ = {isa = PBXBuildFile; fileRef = 6AC2403F22F93D4600C9561D /* ViewController.swift */; };
		6AC2404322F93D4600C9561D /* Main.storyboard in Resources */ = {isa = PBXBuildFile; fileRef = 6AC2404122F93D4600C9561D /* Main.storyboard */; };
		6AC2404522F93D4700C9561D /* Assets.xcassets in Resources */ = {isa = PBXBuildFile; fileRef = 6AC2404422F93D4700C9561D /* Assets.xcassets */; };
		6AC2404822F93D4700C9561D /* LaunchScreen.storyboard in Resources */ = {isa = PBXBuildFile; fileRef = 6AC2404622F93D4700C9561D /* LaunchScreen.storyboard */; };
		6AC2405322F93D4700C9561D /* MVVMPracticeTests.swift in Sources */ = {isa = PBXBuildFile; fileRef = 6AC2405222F93D4700C9561D /* MVVMPracticeTests.swift */; };
		6AC2405E22F93D4700C9561D /* MVVMPracticeUITests.swift in Sources */ = {isa = PBXBuildFile; fileRef = 6AC2405D22F93D4700C9561D /* MVVMPracticeUITests.swift */; };
/* End PBXBuildFile section */

/* Begin PBXContainerItemProxy section */
		6AC2404F22F93D4700C9561D /* PBXContainerItemProxy */ = {
			isa = PBXContainerItemProxy;
			containerPortal = 6AC2403222F93D4600C9561D /* Project object */;
			proxyType = 1;
			remoteGlobalIDString = 6AC2403922F93D4600C9561D;
			remoteInfo = MVVMPractice;
		};
		6AC2405A22F93D4700C9561D /* PBXContainerItemProxy */ = {
			isa = PBXContainerItemProxy;
			containerPortal = 6AC2403222F93D4600C9561D /* Project object */;
			proxyType = 1;
			remoteGlobalIDString = 6AC2403922F93D4600C9561D;
			remoteInfo = MVVMPractice;
		};
/* End PBXContainerItemProxy section */

/* Begin PBXFileReference section */
		6AC2403A22F93D4600C9561D /* MVVMPractice.app */ = {isa = PBXFileReference; explicitFileType = wrapper.application; includeInIndex = 0; path = MVVMPractice.app; sourceTree = BUILT_PRODUCTS_DIR; };
		6AC2403D22F93D4600C9561D /* AppDelegate.swift */ = {isa = PBXFileReference; lastKnownFileType = sourcecode.swift; path = AppDelegate.swift; sourceTree = "<group>"; };
		6AC2403F22F93D4600C9561D /* ViewController.swift */ = {isa = PBXFileReference; lastKnownFileType = sourcecode.swift; path = ViewController.swift; sourceTree = "<group>"; };
		6AC2404222F93D4600C9561D /* Base */ = {isa = PBXFileReference; lastKnownFileType = file.storyboard; name = Base; path = Base.lproj/Main.storyboard; sourceTree = "<group>"; };
		6AC2404422F93D4700C9561D /* Assets.xcassets */ = {isa = PBXFileReference; lastKnownFileType = folder.assetcatalog; path = Assets.xcassets; sourceTree = "<group>"; };
		6AC2404722F93D4700C9561D /* Base */ = {isa = PBXFileReference; lastKnownFileType = file.storyboard; name = Base; path = Base.lproj/LaunchScreen.storyboard; sourceTree = "<group>"; };
		6AC2404922F93D4700C9561D /* Info.plist */ = {isa = PBXFileReference; lastKnownFileType = text.plist.xml; path = Info.plist; sourceTree = "<group>"; };
		6AC2404E22F93D4700C9561D /* MVVMPracticeTests.xctest */ = {isa = PBXFileReference; explicitFileType = wrapper.cfbundle; includeInIndex = 0; path = MVVMPracticeTests.xctest; sourceTree = BUILT_PRODUCTS_DIR; };
		6AC2405222F93D4700C9561D /* MVVMPracticeTests.swift */ = {isa = PBXFileReference; lastKnownFileType = sourcecode.swift; path = MVVMPracticeTests.swift; sourceTree = "<group>"; };
		6AC2405422F93D4700C9561D /* Info.plist */ = {isa = PBXFileReference; lastKnownFileType = text.plist.xml; path = Info.plist; sourceTree = "<group>"; };
		6AC2405922F93D4700C9561D /* MVVMPracticeUITests.xctest */ = {isa = PBXFileReference; explicitFileType = wrapper.cfbundle; includeInIndex = 0; path = MVVMPracticeUITests.xctest; sourceTree = BUILT_PRODUCTS_DIR; };
		6AC2405D22F93D4700C9561D /* MVVMPracticeUITests.swift */ = {isa = PBXFileReference; lastKnownFileType = sourcecode.swift; path = MVVMPracticeUITests.swift; sourceTree = "<group>"; };
		6AC2405F22F93D4700C9561D /* Info.plist */ = {isa = PBXFileReference; lastKnownFileType = text.plist.xml; path = Info.plist; sourceTree = "<group>"; };
/* End PBXFileReference section */

/* Begin PBXFrameworksBuildPhase section */
		6AC2403722F93D4600C9561D /* Frameworks */ = {
			isa = PBXFrameworksBuildPhase;
			buildActionMask = 2147483647;
			files = (
			);
			runOnlyForDeploymentPostprocessing = 0;
		};
		6AC2404B22F93D4700C9561D /* Frameworks */ = {
			isa = PBXFrameworksBuildPhase;
			buildActionMask = 2147483647;
			files = (
			);
			runOnlyForDeploymentPostprocessing = 0;
		};
		6AC2405622F93D4700C9561D /* Frameworks */ = {
			isa = PBXFrameworksBuildPhase;
			buildActionMask = 2147483647;
			files = (
			);
			runOnlyForDeploymentPostprocessing = 0;
		};
/* End PBXFrameworksBuildPhase section */

/* Begin PBXGroup section */
		6AC2403122F93D4600C9561D = {
			isa = PBXGroup;
			children = (
				6AC2403C22F93D4600C9561D /* MVVMPractice */,
				6AC2405122F93D4700C9561D /* MVVMPracticeTests */,
				6AC2405C22F93D4700C9561D /* MVVMPracticeUITests */,
				6AC2403B22F93D4600C9561D /* Products */,
			);
			sourceTree = "<group>";
		};
		6AC2403B22F93D4600C9561D /* Products */ = {
			isa = PBXGroup;
			children = (
				6AC2403A22F93D4600C9561D /* MVVMPractice.app */,
				6AC2404E22F93D4700C9561D /* MVVMPracticeTests.xctest */,
				6AC2405922F93D4700C9561D /* MVVMPracticeUITests.xctest */,
			);
			name = Products;
			sourceTree = "<group>";
		};
		6AC2403C22F93D4600C9561D /* MVVMPractice */ = {
			isa = PBXGroup;
			children = (
				6AC2403D22F93D4600C9561D /* AppDelegate.swift */,
				6AC2403F22F93D4600C9561D /* ViewController.swift */,
				6AC2404122F93D4600C9561D /* Main.storyboard */,
				6AC2404422F93D4700C9561D /* Assets.xcassets */,
				6AC2404622F93D4700C9561D /* LaunchScreen.storyboard */,
				6AC2404922F93D4700C9561D /* Info.plist */,
			);
			path = MVVMPractice;
			sourceTree = "<group>";
		};
		6AC2405122F93D4700C9561D /* MVVMPracticeTests */ = {
			isa = PBXGroup;
			children = (
				6AC2405222F93D4700C9561D /* MVVMPracticeTests.swift */,
				6AC2405422F93D4700C9561D /* Info.plist */,
			);
			path = MVVMPracticeTests;
			sourceTree = "<group>";
		};
		6AC2405C22F93D4700C9561D /* MVVMPracticeUITests */ = {
			isa = PBXGroup;
			children = (
				6AC2405D22F93D4700C9561D /* MVVMPracticeUITests.swift */,
				6AC2405F22F93D4700C9561D /* Info.plist */,
			);
			path = MVVMPracticeUITests;
			sourceTree = "<group>";
		};
/* End PBXGroup section */

/* Begin PBXNativeTarget section */
		6AC2403922F93D4600C9561D /* MVVMPractice */ = {
			isa = PBXNativeTarget;
			buildConfigurationList = 6AC2406222F93D4700C9561D /* Build configuration list for PBXNativeTarget "MVVMPractice" */;
			buildPhases = (
				6AC2403622F93D4600C9561D /* Sources */,
				6AC2403722F93D4600C9561D /* Frameworks */,
				6AC2403822F93D4600C9561D /* Resources */,
			);
			buildRules = (
			);
			dependencies = (
			);
			name = MVVMPractice;
			productName = MVVMPractice;
			productReference = 6AC2403A22F93D4600C9561D /* MVVMPractice.app */;
			productType = "com.apple.product-type.application";
		};
		6AC2404D22F93D4700C9561D /* MVVMPracticeTests */ = {
			isa = PBXNativeTarget;
			buildConfigurationList = 6AC2406522F93D4700C9561D /* Build configuration list for PBXNativeTarget "MVVMPracticeTests" */;
			buildPhases = (
				6AC2404A22F93D4700C9561D /* Sources */,
				6AC2404B22F93D4700C9561D /* Frameworks */,
				6AC2404C22F93D4700C9561D /* Resources */,
			);
			buildRules = (
			);
			dependencies = (
				6AC2405022F93D4700C9561D /* PBXTargetDependency */,
			);
			name = MVVMPracticeTests;
			productName = MVVMPracticeTests;
			productReference = 6AC2404E22F93D4700C9561D /* MVVMPracticeTests.xctest */;
			productType = "com.apple.product-type.bundle.unit-test";
		};
		6AC2405822F93D4700C9561D /* MVVMPracticeUITests */ = {
			isa = PBXNativeTarget;
			buildConfigurationList = 6AC2406822F93D4700C9561D /* Build configuration list for PBXNativeTarget "MVVMPracticeUITests" */;
			buildPhases = (
				6AC2405522F93D4700C9561D /* Sources */,
				6AC2405622F93D4700C9561D /* Frameworks */,
				6AC2405722F93D4700C9561D /* Resources */,
			);
			buildRules = (
			);
			dependencies = (
				6AC2405B22F93D4700C9561D /* PBXTargetDependency */,
			);
			name = MVVMPracticeUITests;
			productName = MVVMPracticeUITests;
			productReference = 6AC2405922F93D4700C9561D /* MVVMPracticeUITests.xctest */;
			productType = "com.apple.product-type.bundle.ui-testing";
		};
/* End PBXNativeTarget section */

/* Begin PBXProject section */
		6AC2403222F93D4600C9561D /* Project object */ = {
			isa = PBXProject;
			attributes = {
				LastSwiftUpdateCheck = 1020;
				LastUpgradeCheck = 1020;
				ORGANIZATIONNAME = "iOS Dev";
				TargetAttributes = {
					6AC2403922F93D4600C9561D = {
						CreatedOnToolsVersion = 10.2.1;
					};
					6AC2404D22F93D4700C9561D = {
						CreatedOnToolsVersion = 10.2.1;
						TestTargetID = 6AC2403922F93D4600C9561D;
					};
					6AC2405822F93D4700C9561D = {
						CreatedOnToolsVersion = 10.2.1;
						TestTargetID = 6AC2403922F93D4600C9561D;
					};
				};
			};
			buildConfigurationList = 6AC2403522F93D4600C9561D /* Build configuration list for PBXProject "MVVMPractice" */;
			compatibilityVersion = "Xcode 9.3";
			developmentRegion = en;
			hasScannedForEncodings = 0;
			knownRegions = (
				en,
				Base,
			);
			mainGroup = 6AC2403122F93D4600C9561D;
			productRefGroup = 6AC2403B22F93D4600C9561D /* Products */;
			projectDirPath = "";
			projectRoot = "";
			targets = (
				6AC2403922F93D4600C9561D /* MVVMPractice */,
				6AC2404D22F93D4700C9561D /* MVVMPracticeTests */,
				6AC2405822F93D4700C9561D /* MVVMPracticeUITests */,
			);
		};
/* End PBXProject section */

/* Begin PBXResourcesBuildPhase section */
		6AC2403822F93D4600C9561D /* Resources */ = {
			isa = PBXResourcesBuildPhase;
			buildActionMask = 2147483647;
			files = (
				6AC2404822F93D4700C9561D /* LaunchScreen.storyboard in Resources */,
				6AC2404522F93D4700C9561D /* Assets.xcassets in Resources */,
				6AC2404322F93D4600C9561D /* Main.storyboard in Resources */,
			);
			runOnlyForDeploymentPostprocessing = 0;
		};
		6AC2404C22F93D4700C9561D /* Resources */ = {
			isa = PBXResourcesBuildPhase;
			buildActionMask = 2147483647;
			files = (
			);
			runOnlyForDeploymentPostprocessing = 0;
		};
		6AC2405722F93D4700C9561D /* Resources */ = {
			isa = PBXResourcesBuildPhase;
			buildActionMask = 2147483647;
			files = (
			);
			runOnlyForDeploymentPostprocessing = 0;
		};
/* End PBXResourcesBuildPhase section */

/* Begin PBXSourcesBuildPhase section */
		6AC2403622F93D4600C9561D /* Sources */ = {
			isa = PBXSourcesBuildPhase;
			buildActionMask = 2147483647;
			files = (
				6AC2404022F93D4600C9561D /* ViewController.swift in Sources */,
				6AC2403E22F93D4600C9561D /* AppDelegate.swift in Sources */,
			);
			runOnlyForDeploymentPostprocessing = 0;
		};
		6AC2404A22F93D4700C9561D /* Sources */ = {
			isa = PBXSourcesBuildPhase;
			buildActionMask = 2147483647;
			files = (
				6AC2405322F93D4700C9561D /* MVVMPracticeTests.swift in Sources */,
			);
			runOnlyForDeploymentPostprocessing = 0;
		};
		6AC2405522F93D4700C9561D /* Sources */ = {
			isa = PBXSourcesBuildPhase;
			buildActionMask = 2147483647;
			files = (
				6AC2405E22F93D4700C9561D /* MVVMPracticeUITests.swift in Sources */,
			);
			runOnlyForDeploymentPostprocessing = 0;
		};
/* End PBXSourcesBuildPhase section */

/* Begin PBXTargetDependency section */
		6AC2405022F93D4700C9561D /* PBXTargetDependency */ = {
			isa = PBXTargetDependency;
			target = 6AC2403922F93D4600C9561D /* MVVMPractice */;
			targetProxy = 6AC2404F22F93D4700C9561D /* PBXContainerItemProxy */;
		};
		6AC2405B22F93D4700C9561D /* PBXTargetDependency */ = {
			isa = PBXTargetDependency;
			target = 6AC2403922F93D4600C9561D /* MVVMPractice */;
			targetProxy = 6AC2405A22F93D4700C9561D /* PBXContainerItemProxy */;
		};
/* End PBXTargetDependency section */

/* Begin PBXVariantGroup section */
		6AC2404122F93D4600C9561D /* Main.storyboard */ = {
			isa = PBXVariantGroup;
			children = (
				6AC2404222F93D4600C9561D /* Base */,
			);
			name = Main.storyboard;
			sourceTree = "<group>";
		};
		6AC2404622F93D4700C9561D /* LaunchScreen.storyboard */ = {
			isa = PBXVariantGroup;
			children = (
				6AC2404722F93D4700C9561D /* Base */,
			);
			name = LaunchScreen.storyboard;
			sourceTree = "<group>";
		};
/* End PBXVariantGroup section */

/* Begin XCBuildConfiguration section */
		6AC2406022F93D4700C9561D /* Debug */ = {
			isa = XCBuildConfiguration;
			buildSettings = {
				ALWAYS_SEARCH_USER_PATHS = NO;
				CLANG_ANALYZER_NONNULL = YES;
				CLANG_ANALYZER_NUMBER_OBJECT_CONVERSION = YES_AGGRESSIVE;
				CLANG_CXX_LANGUAGE_STANDARD = "gnu++14";
				CLANG_CXX_LIBRARY = "libc++";
				CLANG_ENABLE_MODULES = YES;
				CLANG_ENABLE_OBJC_ARC = YES;
				CLANG_ENABLE_OBJC_WEAK = YES;
				CLANG_WARN_BLOCK_CAPTURE_AUTORELEASING = YES;
				CLANG_WARN_BOOL_CONVERSION = YES;
				CLANG_WARN_COMMA = YES;
				CLANG_WARN_CONSTANT_CONVERSION = YES;
				CLANG_WARN_DEPRECATED_OBJC_IMPLEMENTATIONS = YES;
				CLANG_WARN_DIRECT_OBJC_ISA_USAGE = YES_ERROR;
				CLANG_WARN_DOCUMENTATION_COMMENTS = YES;
				CLANG_WARN_EMPTY_BODY = YES;
				CLANG_WARN_ENUM_CONVERSION = YES;
				CLANG_WARN_INFINITE_RECURSION = YES;
				CLANG_WARN_INT_CONVERSION = YES;
				CLANG_WARN_NON_LITERAL_NULL_CONVERSION = YES;
				CLANG_WARN_OBJC_IMPLICIT_RETAIN_SELF = YES;
				CLANG_WARN_OBJC_LITERAL_CONVERSION = YES;
				CLANG_WARN_OBJC_ROOT_CLASS = YES_ERROR;
				CLANG_WARN_RANGE_LOOP_ANALYSIS = YES;
				CLANG_WARN_STRICT_PROTOTYPES = YES;
				CLANG_WARN_SUSPICIOUS_MOVE = YES;
				CLANG_WARN_UNGUARDED_AVAILABILITY = YES_AGGRESSIVE;
				CLANG_WARN_UNREACHABLE_CODE = YES;
				CLANG_WARN__DUPLICATE_METHOD_MATCH = YES;
				CODE_SIGN_IDENTITY = "iPhone Developer";
				COPY_PHASE_STRIP = NO;
				DEBUG_INFORMATION_FORMAT = dwarf;
				ENABLE_STRICT_OBJC_MSGSEND = YES;
				ENABLE_TESTABILITY = YES;
				GCC_C_LANGUAGE_STANDARD = gnu11;
				GCC_DYNAMIC_NO_PIC = NO;
				GCC_NO_COMMON_BLOCKS = YES;
				GCC_OPTIMIZATION_LEVEL = 0;
				GCC_PREPROCESSOR_DEFINITIONS = (
					"DEBUG=1",
					"$(inherited)",
				);
				GCC_WARN_64_TO_32_BIT_CONVERSION = YES;
				GCC_WARN_ABOUT_RETURN_TYPE = YES_ERROR;
				GCC_WARN_UNDECLARED_SELECTOR = YES;
				GCC_WARN_UNINITIALIZED_AUTOS = YES_AGGRESSIVE;
				GCC_WARN_UNUSED_FUNCTION = YES;
				GCC_WARN_UNUSED_VARIABLE = YES;
				IPHONEOS_DEPLOYMENT_TARGET = 12.2;
				MTL_ENABLE_DEBUG_INFO = INCLUDE_SOURCE;
				MTL_FAST_MATH = YES;
				ONLY_ACTIVE_ARCH = YES;
				SDKROOT = iphoneos;
				SWIFT_ACTIVE_COMPILATION_CONDITIONS = DEBUG;
				SWIFT_OPTIMIZATION_LEVEL = "-Onone";
			};
			name = Debug;
		};
		6AC2406122F93D4700C9561D /* Release */ = {
			isa = XCBuildConfiguration;
			buildSettings = {
				ALWAYS_SEARCH_USER_PATHS = NO;
				CLANG_ANALYZER_NONNULL = YES;
				CLANG_ANALYZER_NUMBER_OBJECT_CONVERSION = YES_AGGRESSIVE;
				CLANG_CXX_LANGUAGE_STANDARD = "gnu++14";
				CLANG_CXX_LIBRARY = "libc++";
				CLANG_ENABLE_MODULES = YES;
				CLANG_ENABLE_OBJC_ARC = YES;
				CLANG_ENABLE_OBJC_WEAK = YES;
				CLANG_WARN_BLOCK_CAPTURE_AUTORELEASING = YES;
				CLANG_WARN_BOOL_CONVERSION = YES;
				CLANG_WARN_COMMA = YES;
				CLANG_WARN_CONSTANT_CONVERSION = YES;
				CLANG_WARN_DEPRECATED_OBJC_IMPLEMENTATIONS = YES;
				CLANG_WARN_DIRECT_OBJC_ISA_USAGE = YES_ERROR;
				CLANG_WARN_DOCUMENTATION_COMMENTS = YES;
				CLANG_WARN_EMPTY_BODY = YES;
				CLANG_WARN_ENUM_CONVERSION = YES;
				CLANG_WARN_INFINITE_RECURSION = YES;
				CLANG_WARN_INT_CONVERSION = YES;
				CLANG_WARN_NON_LITERAL_NULL_CONVERSION = YES;
				CLANG_WARN_OBJC_IMPLICIT_RETAIN_SELF = YES;
				CLANG_WARN_OBJC_LITERAL_CONVERSION = YES;
				CLANG_WARN_OBJC_ROOT_CLASS = YES_ERROR;
				CLANG_WARN_RANGE_LOOP_ANALYSIS = YES;
				CLANG_WARN_STRICT_PROTOTYPES = YES;
				CLANG_WARN_SUSPICIOUS_MOVE = YES;
				CLANG_WARN_UNGUARDED_AVAILABILITY = YES_AGGRESSIVE;
				CLANG_WARN_UNREACHABLE_CODE = YES;
				CLANG_WARN__DUPLICATE_METHOD_MATCH = YES;
				CODE_SIGN_IDENTITY = "iPhone Developer";
				COPY_PHASE_STRIP = NO;
				DEBUG_INFORMATION_FORMAT = "dwarf-with-dsym";
				ENABLE_NS_ASSERTIONS = NO;
				ENABLE_STRICT_OBJC_MSGSEND = YES;
				GCC_C_LANGUAGE_STANDARD = gnu11;
				GCC_NO_COMMON_BLOCKS = YES;
				GCC_WARN_64_TO_32_BIT_CONVERSION = YES;
				GCC_WARN_ABOUT_RETURN_TYPE = YES_ERROR;
				GCC_WARN_UNDECLARED_SELECTOR = YES;
				GCC_WARN_UNINITIALIZED_AUTOS = YES_AGGRESSIVE;
				GCC_WARN_UNUSED_FUNCTION = YES;
				GCC_WARN_UNUSED_VARIABLE = YES;
				IPHONEOS_DEPLOYMENT_TARGET = 12.2;
				MTL_ENABLE_DEBUG_INFO = NO;
				MTL_FAST_MATH = YES;
				SDKROOT = iphoneos;
				SWIFT_COMPILATION_MODE = wholemodule;
				SWIFT_OPTIMIZATION_LEVEL = "-O";
				VALIDATE_PRODUCT = YES;
			};
			name = Release;
		};
		6AC2406322F93D4700C9561D /* Debug */ = {
			isa = XCBuildConfiguration;
			buildSettings = {
				ASSETCATALOG_COMPILER_APPICON_NAME = AppIcon;
				CODE_SIGN_STYLE = Automatic;
				INFOPLIST_FILE = MVVMPractice/Info.plist;
				LD_RUNPATH_SEARCH_PATHS = (
					"$(inherited)",
					"@executable_path/Frameworks",
				);
				PRODUCT_BUNDLE_IDENTIFIER = meomeo.MVVMPractice;
				PRODUCT_NAME = "$(TARGET_NAME)";
				SWIFT_VERSION = 5.0;
				TARGETED_DEVICE_FAMILY = "1,2";
			};
			name = Debug;
		};
		6AC2406422F93D4700C9561D /* Release */ = {
			isa = XCBuildConfiguration;
			buildSettings = {
				ASSETCATALOG_COMPILER_APPICON_NAME = AppIcon;
				CODE_SIGN_STYLE = Automatic;
				INFOPLIST_FILE = MVVMPractice/Info.plist;
				LD_RUNPATH_SEARCH_PATHS = (
					"$(inherited)",
					"@executable_path/Frameworks",
				);
				PRODUCT_BUNDLE_IDENTIFIER = meomeo.MVVMPractice;
				PRODUCT_NAME = "$(TARGET_NAME)";
				SWIFT_VERSION = 5.0;
				TARGETED_DEVICE_FAMILY = "1,2";
			};
			name = Release;
		};
		6AC2406622F93D4700C9561D /* Debug */ = {
			isa = XCBuildConfiguration;
			buildSettings = {
				ALWAYS_EMBED_SWIFT_STANDARD_LIBRARIES = YES;
				BUNDLE_LOADER = "$(TEST_HOST)";
				CODE_SIGN_STYLE = Automatic;
				INFOPLIST_FILE = MVVMPracticeTests/Info.plist;
				LD_RUNPATH_SEARCH_PATHS = (
					"$(inherited)",
					"@executable_path/Frameworks",
					"@loader_path/Frameworks",
				);
				PRODUCT_BUNDLE_IDENTIFIER = meomeo.MVVMPracticeTests;
				PRODUCT_NAME = "$(TARGET_NAME)";
				SWIFT_VERSION = 5.0;
				TARGETED_DEVICE_FAMILY = "1,2";
				TEST_HOST = "$(BUILT_PRODUCTS_DIR)/MVVMPractice.app/MVVMPractice";
			};
			name = Debug;
		};
		6AC2406722F93D4700C9561D /* Release */ = {
			isa = XCBuildConfiguration;
			buildSettings = {
				ALWAYS_EMBED_SWIFT_STANDARD_LIBRARIES = YES;
				BUNDLE_LOADER = "$(TEST_HOST)";
				CODE_SIGN_STYLE = Automatic;
				INFOPLIST_FILE = MVVMPracticeTests/Info.plist;
				LD_RUNPATH_SEARCH_PATHS = (
					"$(inherited)",
					"@executable_path/Frameworks",
					"@loader_path/Frameworks",
				);
				PRODUCT_BUNDLE_IDENTIFIER = meomeo.MVVMPracticeTests;
				PRODUCT_NAME = "$(TARGET_NAME)";
				SWIFT_VERSION = 5.0;
				TARGETED_DEVICE_FAMILY = "1,2";
				TEST_HOST = "$(BUILT_PRODUCTS_DIR)/MVVMPractice.app/MVVMPractice";
			};
			name = Release;
		};
		6AC2406922F93D4700C9561D /* Debug */ = {
			isa = XCBuildConfiguration;
			buildSettings = {
				ALWAYS_EMBED_SWIFT_STANDARD_LIBRARIES = YES;
				CODE_SIGN_STYLE = Automatic;
				INFOPLIST_FILE = MVVMPracticeUITests/Info.plist;
				LD_RUNPATH_SEARCH_PATHS = (
					"$(inherited)",
					"@executable_path/Frameworks",
					"@loader_path/Frameworks",
				);
				PRODUCT_BUNDLE_IDENTIFIER = meomeo.MVVMPracticeUITests;
				PRODUCT_NAME = "$(TARGET_NAME)";
				SWIFT_VERSION = 5.0;
				TARGETED_DEVICE_FAMILY = "1,2";
				TEST_TARGET_NAME = MVVMPractice;
			};
			name = Debug;
		};
		6AC2406A22F93D4700C9561D /* Release */ = {
			isa = XCBuildConfiguration;
			buildSettings = {
				ALWAYS_EMBED_SWIFT_STANDARD_LIBRARIES = YES;
				CODE_SIGN_STYLE = Automatic;
				INFOPLIST_FILE = MVVMPracticeUITests/Info.plist;
				LD_RUNPATH_SEARCH_PATHS = (
					"$(inherited)",
					"@executable_path/Frameworks",
					"@loader_path/Frameworks",
				);
				PRODUCT_BUNDLE_IDENTIFIER = meomeo.MVVMPracticeUITests;
				PRODUCT_NAME = "$(TARGET_NAME)";
				SWIFT_VERSION = 5.0;
				TARGETED_DEVICE_FAMILY = "1,2";
				TEST_TARGET_NAME = MVVMPractice;
			};
			name = Release;
		};
/* End XCBuildConfiguration section */

/* Begin XCConfigurationList section */
		6AC2403522F93D4600C9561D /* Build configuration list for PBXProject "MVVMPractice" */ = {
			isa = XCConfigurationList;
			buildConfigurations = (
				6AC2406022F93D4700C9561D /* Debug */,
				6AC2406122F93D4700C9561D /* Release */,
			);
			defaultConfigurationIsVisible = 0;
			defaultConfigurationName = Release;
		};
		6AC2406222F93D4700C9561D /* Build configuration list for PBXNativeTarget "MVVMPractice" */ = {
			isa = XCConfigurationList;
			buildConfigurations = (
				6AC2406322F93D4700C9561D /* Debug */,
				6AC2406422F93D4700C9561D /* Release */,
			);
			defaultConfigurationIsVisible = 0;
			defaultConfigurationName = Release;
		};
		6AC2406522F93D4700C9561D /* Build configuration list for PBXNativeTarget "MVVMPracticeTests" */ = {
			isa = XCConfigurationList;
			buildConfigurations = (
				6AC2406622F93D4700C9561D /* Debug */,
				6AC2406722F93D4700C9561D /* Release */,
			);
			defaultConfigurationIsVisible = 0;
			defaultConfigurationName = Release;
		};
		6AC2406822F93D4700C9561D /* Build configuration list for PBXNativeTarget "MVVMPracticeUITests" */ = {
			isa = XCConfigurationList;
			buildConfigurations = (
				6AC2406922F93D4700C9561D /* Debug */,
				6AC2406A22F93D4700C9561D /* Release */,
			);
			defaultConfigurationIsVisible = 0;
			defaultConfigurationName = Release;
		};
/* End XCConfigurationList section */
	};
	rootObject = 6AC2403222F93D4600C9561D /* Project object */;
}
